
Microsoft Visual Studio Solution File, Format Version 12.00
# Visual Studio Version 17
VisualStudioVersion = 17.5.33530.505
MinimumVisualStudioVersion = 10.0.40219.1
Project("{9A19103F-16F7-4668-BE54-9A1E7A4F7556}") = "ContatcsAPI", "ContatcsAPI\ContatcsAPI.csproj", "{F3024D1A-FD42-45FA-AE2C-295E06FF0F86}"
EndProject
Global
	GlobalSection(SolutionConfigurationPlatforms) = preSolution
		Debug|Any CPU = Debug|Any CPU
		Release|Any CPU = Release|Any CPU
	EndGlobalSection
	GlobalSection(ProjectConfigurationPlatforms) = postSolution
		{F3024D1A-FD42-45FA-AE2C-295E06FF0F86}.Debug|Any CPU.ActiveCfg = Debug|Any CPU
		{F3024D1A-FD42-45FA-AE2C-295E06FF0F86}.Debug|Any CPU.Build.0 = Debug|Any CPU
		{F3024D1A-FD42-45FA-AE2C-295E06FF0F86}.Release|Any CPU.ActiveCfg = Release|Any CPU
		{F3024D1A-FD42-45FA-AE2C-295E06FF0F86}.Release|Any CPU.Build.0 = Release|Any CPU
	EndGlobalSection
	GlobalSection(SolutionProperties) = preSolution
		HideSolutionNode = FALSE
	EndGlobalSection
	GlobalSection(ExtensibilityGlobals) = postSolution
		SolutionGuid = {9F53036F-2231-417C-B817-C8E538D4BFE0}
	EndGlobalSection
EndGlobal
